github.com/Artui/go-services v0.5.0 h1:YIMgNqNEcE3ig6V0mKUS0ohyhdAZ97AC4IUrySvznuw=
github.com/Artui/go-services v0.5.0/go.mod h1:AzUZbK8feAV4JvWIlBhVf46nl/4U6ZnakP61K3P9vEA=
github.com/google/jsonschema-go v0.4.3 h1:/DBOLZTfDow7pe2GmaJNhltueGTtDKICi8V8p+DQPd0=
github.com/google/jsonschema-go v0.4.3/go.mod h1:r5quNTdLOYEz95Ru18zA0ydNbBuYoo9tgaYcxEYhJVE=
